// !$*UTF8*$!
{
	archiveVersion = 1;
	classes = {
	};
	objectVersion = 55;
	objects = {

/* Begin PBXBuildFile section */
		132D129A27F6426D004A433E /* TomacaTimerApp.swift in Sources */ = {isa = PBXBuildFile; fileRef = 132D129927F6426D004A433E /* TomacaTimerApp.swift */; };
		132D129E27F6426E004A433E /* Assets.xcassets in Resources */ = {isa = PBXBuildFile; fileRef = 132D129D27F6426E004A433E /* Assets.xcassets */; };
		132D12A127F6426E004A433E /* Preview Assets.xcassets in Resources */ = {isa = PBXBuildFile; fileRef = 132D12A027F6426E004A433E /* Preview Assets.xcassets */; };
		132D12C427F64923004A433E /* TimerViewModel.swift in Sources */ = {isa = PBXBuildFile; fileRef = 132D12C327F64923004A433E /* TimerViewModel.swift */; };
		132D12C727F64ACA004A433E /* StartView.swift in Sources */ = {isa = PBXBuildFile; fileRef = 132D12C627F64ACA004A433E /* StartView.swift */; };
		132D12C927F64CCB004A433E /* TimerView.swift in Sources */ = {isa = PBXBuildFile; fileRef = 132D12C827F64CCB004A433E /* TimerView.swift */; };
		1350229927F78A0100B7C142 /* Counter.swift in Sources */ = {isa = PBXBuildFile; fileRef = 1350229827F78A0100B7C142 /* Counter.swift */; };
		1350229C27F7931200B7C142 /* WorkSession.swift in Sources */ = {isa = PBXBuildFile; fileRef = 1350229B27F7931200B7C142 /* WorkSession.swift */; };
/* End PBXBuildFile section */

/* Begin PBXContainerItemProxy section */
		132D12A727F6426F004A433E /* PBXContainerItemProxy */ = {
			isa = PBXContainerItemProxy;
			containerPortal = 132D128E27F6426D004A433E /* Project object */;
			proxyType = 1;
			remoteGlobalIDString = 132D129527F6426D004A433E;
			remoteInfo = TomacaTimer;
		};
		132D12B127F6426F004A433E /* PBXContainerItemProxy */ = {
			isa = PBXContainerItemProxy;
			containerPortal = 132D128E27F6426D004A433E /* Project object */;
			proxyType = 1;
			remoteGlobalIDString = 132D129527F6426D004A433E;
			remoteInfo = TomacaTimer;
		};
/* End PBXContainerItemProxy section */

/* Begin PBXFileReference section */
		132D129627F6426D004A433E /* TomacaTimer.app */ = {isa = PBXFileReference; explicitFileType = wrapper.application; includeInIndex = 0; path = TomacaTimer.app; sourceTree = BUILT_PRODUCTS_DIR; };
		132D129927F6426D004A433E /* TomacaTimerApp.swift */ = {isa = PBXFileReference; lastKnownFileType = sourcecode.swift; path = TomacaTimerApp.swift; sourceTree = "<group>"; };
		132D129D27F6426E004A433E /* Assets.xcassets */ = {isa = PBXFileReference; lastKnownFileType = folder.assetcatalog; path = Assets.xcassets; sourceTree = "<group>"; };
		132D12A027F6426E004A433E /* Preview Assets.xcassets */ = {isa = PBXFileReference; lastKnownFileType = folder.assetcatalog; path = "Preview Assets.xcassets"; sourceTree = "<group>"; };
		132D12A627F6426F004A433E /* TomacaTimerTests.xctest */ = {isa = PBXFileReference; explicitFileType = wrapper.cfbundle; includeInIndex = 0; path = TomacaTimerTests.xctest; sourceTree = BUILT_PRODUCTS_DIR; };
		132D12B027F6426F004A433E /* TomacaTimerUITests.xctest */ = {isa = PBXFileReference; explicitFileType = wrapper.cfbundle; includeInIndex = 0; path = TomacaTimerUITests.xctest; sourceTree = BUILT_PRODUCTS_DIR; };
		132D12C327F64923004A433E /* TimerViewModel.swift */ = {isa = PBXFileReference; lastKnownFileType = sourcecode.swift; path = TimerViewModel.swift; sourceTree = "<group>"; };
		132D12C627F64ACA004A433E /* StartView.swift */ = {isa = PBXFileReference; lastKnownFileType = sourcecode.swift; path = StartView.swift; sourceTree = "<group>"; };
		132D12C827F64CCB004A433E /* TimerView.swift */ = {isa = PBXFileReference; lastKnownFileType = sourcecode.swift; path = TimerView.swift; sourceTree = "<group>"; };
		1350229827F78A0100B7C142 /* Counter.swift */ = {isa = PBXFileReference; lastKnownFileType = sourcecode.swift; path = Counter.swift; sourceTree = "<group>"; };
		1350229B27F7931200B7C142 /* WorkSession.swift */ = {isa = PBXFileReference; lastKnownFileType = sourcecode.swift; path = WorkSession.swift; sourceTree = "<group>"; };
/* End PBXFileReference section */

/* Begin PBXFrameworksBuildPhase section */
		132D129327F6426D004A433E /* Frameworks */ = {
			isa = PBXFrameworksBuildPhase;
			buildActionMask = 2147483647;
			files = (
			);
			runOnlyForDeploymentPostprocessing = 0;
		};
		132D12A327F6426F004A433E /* Frameworks */ = {
			isa = PBXFrameworksBuildPhase;
			buildActionMask = 2147483647;
			files = (
			);
			runOnlyForDeploymentPostprocessing = 0;
		};
		132D12AD27F6426F004A433E /* Frameworks */ = {
			isa = PBXFrameworksBuildPhase;
			buildActionMask = 2147483647;
			files = (
			);
			runOnlyForDeploymentPostprocessing = 0;
		};
/* End PBXFrameworksBuildPhase section */

/* Begin PBXGroup section */
		132D128D27F6426D004A433E = {
			isa = PBXGroup;
			children = (
				132D129827F6426D004A433E /* TomacaTimer */,
				132D129727F6426D004A433E /* Products */,
			);
			sourceTree = "<group>";
		};
		132D129727F6426D004A433E /* Products */ = {
			isa = PBXGroup;
			children = (
				132D129627F6426D004A433E /* TomacaTimer.app */,
				132D12A627F6426F004A433E /* TomacaTimerTests.xctest */,
				132D12B027F6426F004A433E /* TomacaTimerUITests.xctest */,
			);
			name = Products;
			sourceTree = "<group>";
		};
		132D129827F6426D004A433E /* TomacaTimer */ = {
			isa = PBXGroup;
			children = (
				1350229A27F792ED00B7C142 /* Models */,
				132D12C527F64AB4004A433E /* Views */,
				132D129927F6426D004A433E /* TomacaTimerApp.swift */,
				132D12C327F64923004A433E /* TimerViewModel.swift */,
				132D129D27F6426E004A433E /* Assets.xcassets */,
				132D129F27F6426E004A433E /* Preview Content */,
			);
			path = TomacaTimer;
			sourceTree = "<group>";
		};
		132D129F27F6426E004A433E /* Preview Content */ = {
			isa = PBXGroup;
			children = (
				132D12A027F6426E004A433E /* Preview Assets.xcassets */,
			);
			path = "Preview Content";
			sourceTree = "<group>";
		};
		132D12C527F64AB4004A433E /* Views */ = {
			isa = PBXGroup;
			children = (
				132D12C627F64ACA004A433E /* StartView.swift */,
				132D12C827F64CCB004A433E /* TimerView.swift */,
				1350229827F78A0100B7C142 /* Counter.swift */,
			);
			path = Views;
			sourceTree = "<group>";
		};
		1350229A27F792ED00B7C142 /* Models */ = {
			isa = PBXGroup;
			children = (
				1350229B27F7931200B7C142 /* WorkSession.swift */,
			);
			path = Models;
			sourceTree = "<group>";
		};
/* End PBXGroup section */

/* Begin PBXNativeTarget section */
		132D129527F6426D004A433E /* TomacaTimer */ = {
			isa = PBXNativeTarget;
			buildConfigurationList = 132D12BA27F6426F004A433E /* Build configuration list for PBXNativeTarget "TomacaTimer" */;
			buildPhases = (
				132D129227F6426D004A433E /* Sources */,
				132D129327F6426D004A433E /* Frameworks */,
				132D129427F6426D004A433E /* Resources */,
			);
			buildRules = (
			);
			dependencies = (
			);
			name = TomacaTimer;
			productName = TomacaTimer;
			productReference = 132D129627F6426D004A433E /* TomacaTimer.app */;
			productType = "com.apple.product-type.application";
		};
		132D12A527F6426F004A433E /* TomacaTimerTests */ = {
			isa = PBXNativeTarget;
			buildConfigurationList = 132D12BD27F6426F004A433E /* Build configuration list for PBXNativeTarget "TomacaTimerTests" */;
			buildPhases = (
				132D12A227F6426F004A433E /* Sources */,
				132D12A327F6426F004A433E /* Frameworks */,
				132D12A427F6426F004A433E /* Resources */,
			);
			buildRules = (
			);
			dependencies = (
				132D12A827F6426F004A433E /* PBXTargetDependency */,
			);
			name = TomacaTimerTests;
			productName = TomacaTimerTests;
			productReference = 132D12A627F6426F004A433E /* TomacaTimerTests.xctest */;
			productType = "com.apple.product-type.bundle.unit-test";
		};
		132D12AF27F6426F004A433E /* TomacaTimerUITests */ = {
			isa = PBXNativeTarget;
			buildConfigurationList = 132D12C027F6426F004A433E /* Build configuration list for PBXNativeTarget "TomacaTimerUITests" */;
			buildPhases = (
				132D12AC27F6426F004A433E /* Sources */,
				132D12AD27F6426F004A433E /* Frameworks */,
				132D12AE27F6426F004A433E /* Resources */,
			);
			buildRules = (
			);
			dependencies = (
				132D12B227F6426F004A433E /* PBXTargetDependency */,
			);
			name = TomacaTimerUITests;
			productName = TomacaTimerUITests;
			productReference = 132D12B027F6426F004A433E /* TomacaTimerUITests.xctest */;
			productType = "com.apple.product-type.bundle.ui-testing";
		};
/* End PBXNativeTarget section */

/* Begin PBXProject section */
		132D128E27F6426D004A433E /* Project object */ = {
			isa = PBXProject;
			attributes = {
				BuildIndependentTargetsInParallel = 1;
				LastSwiftUpdateCheck = 1320;
				LastUpgradeCheck = 1320;
				TargetAttributes = {
					132D129527F6426D004A433E = {
						CreatedOnToolsVersion = 13.2.1;
					};
					132D12A527F6426F004A433E = {
						CreatedOnToolsVersion = 13.2.1;
						TestTargetID = 132D129527F6426D004A433E;
					};
					132D12AF27F6426F004A433E = {
						CreatedOnToolsVersion = 13.2.1;
						TestTargetID = 132D129527F6426D004A433E;
					};
				};
			};
			buildConfigurationList = 132D129127F6426D004A433E /* Build configuration list for PBXProject "TomacaTimer" */;
			compatibilityVersion = "Xcode 13.0";
			developmentRegion = en;
			hasScannedForEncodings = 0;
			knownRegions = (
				en,
				Base,
			);
			mainGroup = 132D128D27F6426D004A433E;
			productRefGroup = 132D129727F6426D004A433E /* Products */;
			projectDirPath = "";
			projectRoot = "";
			targets = (
				132D129527F6426D004A433E /* TomacaTimer */,
				132D12A527F6426F004A433E /* TomacaTimerTests */,
				132D12AF27F6426F004A433E /* TomacaTimerUITests */,
			);
		};
/* End PBXProject section */

/* Begin PBXResourcesBuildPhase section */
		132D129427F6426D004A433E /* Resources */ = {
			isa = PBXResourcesBuildPhase;
			buildActionMask = 2147483647;
			files = (
				132D12A127F6426E004A433E /* Preview Assets.xcassets in Resources */,
				132D129E27F6426E004A433E /* Assets.xcassets in Resources */,
			);
			runOnlyForDeploymentPostprocessing = 0;
		};
		132D12A427F6426F004A433E /* Resources */ = {
			isa = PBXResourcesBuildPhase;
			buildActionMask = 2147483647;
			files = (
			);
			runOnlyForDeploymentPostprocessing = 0;
		};
		132D12AE27F6426F004A433E /* Resources */ = {
			isa = PBXResourcesBuildPhase;
			buildActionMask = 2147483647;
			files = (
			);
			runOnlyForDeploymentPostprocessing = 0;
		};
/* End PBXResourcesBuildPhase section */

/* Begin PBXSourcesBuildPhase section */
		132D129227F6426D004A433E /* Sources */ = {
			isa = PBXSourcesBuildPhase;
			buildActionMask = 2147483647;
			files = (
				1350229927F78A0100B7C142 /* Counter.swift in Sources */,
				132D12C427F64923004A433E /* TimerViewModel.swift in Sources */,
				1350229C27F7931200B7C142 /* WorkSession.swift in Sources */,
				132D129A27F6426D004A433E /* TomacaTimerApp.swift in Sources */,
				132D12C927F64CCB004A433E /* TimerView.swift in Sources */,
				132D12C727F64ACA004A433E /* StartView.swift in Sources */,
			);
			runOnlyForDeploymentPostprocessing = 0;
		};
		132D12A227F6426F004A433E /* Sources */ = {
			isa = PBXSourcesBuildPhase;
			buildActionMask = 2147483647;
			files = (
			);
			runOnlyForDeploymentPostprocessing = 0;
		};
		132D12AC27F6426F004A433E /* Sources */ = {
			isa = PBXSourcesBuildPhase;
			buildActionMask = 2147483647;
			files = (
			);
			runOnlyForDeploymentPostprocessing = 0;
		};
/* End PBXSourcesBuildPhase section */

/* Begin PBXTargetDependency section */
		132D12A827F6426F004A433E /* PBXTargetDependency */ = {
			isa = PBXTargetDependency;
			target = 132D129527F6426D004A433E /* TomacaTimer */;
			targetProxy = 132D12A727F6426F004A433E /* PBXContainerItemProxy */;
		};
		132D12B227F6426F004A433E /* PBXTargetDependency */ = {
			isa = PBXTargetDependency;
			target = 132D129527F6426D004A433E /* TomacaTimer */;
			targetProxy = 132D12B127F6426F004A433E /* PBXContainerItemProxy */;
		};
/* End PBXTargetDependency section */

/* Begin XCBuildConfiguration section */
		132D12B827F6426F004A433E /* Debug */ = {
			isa = XCBuildConfiguration;
			buildSettings = {
				ALWAYS_SEARCH_USER_PATHS = NO;
				CLANG_ANALYZER_NONNULL = YES;
				CLANG_ANALYZER_NUMBER_OBJECT_CONVERSION = YES_AGGRESSIVE;
				CLANG_CXX_LANGUAGE_STANDARD = "gnu++17";
				CLANG_CXX_LIBRARY = "libc++";
				CLANG_ENABLE_MODULES = YES;
				CLANG_ENABLE_OBJC_ARC = YES;
				CLANG_ENABLE_OBJC_WEAK = YES;
				CLANG_WARN_BLOCK_CAPTURE_AUTORELEASING = YES;
				CLANG_WARN_BOOL_CONVERSION = YES;
				CLANG_WARN_COMMA = YES;
				CLANG_WARN_CONSTANT_CONVERSION = YES;
				CLANG_WARN_DEPRECATED_OBJC_IMPLEMENTATIONS = YES;
				CLANG_WARN_DIRECT_OBJC_ISA_USAGE = YES_ERROR;
				CLANG_WARN_DOCUMENTATION_COMMENTS = YES;
				CLANG_WARN_EMPTY_BODY = YES;
				CLANG_WARN_ENUM_CONVERSION = YES;
				CLANG_WARN_INFINITE_RECURSION = YES;
				CLANG_WARN_INT_CONVERSION = YES;
				CLANG_WARN_NON_LITERAL_NULL_CONVERSION = YES;
				CLANG_WARN_OBJC_IMPLICIT_RETAIN_SELF = YES;
				CLANG_WARN_OBJC_LITERAL_CONVERSION = YES;
				CLANG_WARN_OBJC_ROOT_CLASS = YES_ERROR;
				CLANG_WARN_QUOTED_INCLUDE_IN_FRAMEWORK_HEADER = YES;
				CLANG_WARN_RANGE_LOOP_ANALYSIS = YES;
				CLANG_WARN_STRICT_PROTOTYPES = YES;
				CLANG_WARN_SUSPICIOUS_MOVE = YES;
				CLANG_WARN_UNGUARDED_AVAILABILITY = YES_AGGRESSIVE;
				CLANG_WARN_UNREACHABLE_CODE = YES;
				CLANG_WARN__DUPLICATE_METHOD_MATCH = YES;
				COPY_PHASE_STRIP = NO;
				DEBUG_INFORMATION_FORMAT = dwarf;
				ENABLE_STRICT_OBJC_MSGSEND = YES;
				ENABLE_TESTABILITY = YES;
				GCC_C_LANGUAGE_STANDARD = gnu11;
				GCC_DYNAMIC_NO_PIC = NO;
				GCC_NO_COMMON_BLOCKS = YES;
				GCC_OPTIMIZATION_LEVEL = 0;
				GCC_PREPROCESSOR_DEFINITIONS = (
					"DEBUG=1",
					"$(inherited)",
				);
				GCC_WARN_64_TO_32_BIT_CONVERSION = YES;
				GCC_WARN_ABOUT_RETURN_TYPE = YES_ERROR;
				GCC_WARN_UNDECLARED_SELECTOR = YES;
				GCC_WARN_UNINITIALIZED_AUTOS = YES_AGGRESSIVE;
				GCC_WARN_UNUSED_FUNCTION = YES;
				GCC_WARN_UNUSED_VARIABLE = YES;
				IPHONEOS_DEPLOYMENT_TARGET = 15.2;
				MTL_ENABLE_DEBUG_INFO = INCLUDE_SOURCE;
				MTL_FAST_MATH = YES;
				ONLY_ACTIVE_ARCH = YES;
				SDKROOT = iphoneos;
				SWIFT_ACTIVE_COMPILATION_CONDITIONS = DEBUG;
				SWIFT_OPTIMIZATION_LEVEL = "-Onone";
			};
			name = Debug;
		};
		132D12B927F6426F004A433E /* Release */ = {
			isa = XCBuildConfiguration;
			buildSettings = {
				ALWAYS_SEARCH_USER_PATHS = NO;
				CLANG_ANALYZER_NONNULL = YES;
				CLANG_ANALYZER_NUMBER_OBJECT_CONVERSION = YES_AGGRESSIVE;
				CLANG_CXX_LANGUAGE_STANDARD = "gnu++17";
				CLANG_CXX_LIBRARY = "libc++";
				CLANG_ENABLE_MODULES = YES;
				CLANG_ENABLE_OBJC_ARC = YES;
				CLANG_ENABLE_OBJC_WEAK = YES;
				CLANG_WARN_BLOCK_CAPTURE_AUTORELEASING = YES;
				CLANG_WARN_BOOL_CONVERSION = YES;
				CLANG_WARN_COMMA = YES;
				CLANG_WARN_CONSTANT_CONVERSION = YES;
				CLANG_WARN_DEPRECATED_OBJC_IMPLEMENTATIONS = YES;
				CLANG_WARN_DIRECT_OBJC_ISA_USAGE = YES_ERROR;
				CLANG_WARN_DOCUMENTATION_COMMENTS = YES;
				CLANG_WARN_EMPTY_BODY = YES;
				CLANG_WARN_ENUM_CONVERSION = YES;
				CLANG_WARN_INFINITE_RECURSION = YES;
				CLANG_WARN_INT_CONVERSION = YES;
				CLANG_WARN_NON_LITERAL_NULL_CONVERSION = YES;
				CLANG_WARN_OBJC_IMPLICIT_RETAIN_SELF = YES;
				CLANG_WARN_OBJC_LITERAL_CONVERSION = YES;
				CLANG_WARN_OBJC_ROOT_CLASS = YES_ERROR;
				CLANG_WARN_QUOTED_INCLUDE_IN_FRAMEWORK_HEADER = YES;
				CLANG_WARN_RANGE_LOOP_ANALYSIS = YES;
				CLANG_WARN_STRICT_PROTOTYPES = YES;
				CLANG_WARN_SUSPICIOUS_MOVE = YES;
				CLANG_WARN_UNGUARDED_AVAILABILITY = YES_AGGRESSIVE;
				CLANG_WARN_UNREACHABLE_CODE = YES;
				CLANG_WARN__DUPLICATE_METHOD_MATCH = YES;
				COPY_PHASE_STRIP = NO;
				DEBUG_INFORMATION_FORMAT = "dwarf-with-dsym";
				ENABLE_NS_ASSERTIONS = NO;
				ENABLE_STRICT_OBJC_MSGSEND = YES;
				GCC_C_LANGUAGE_STANDARD = gnu11;
				GCC_NO_COMMON_BLOCKS = YES;
				GCC_WARN_64_TO_32_BIT_CONVERSION = YES;
				GCC_WARN_ABOUT_RETURN_TYPE = YES_ERROR;
				GCC_WARN_UNDECLARED_SELECTOR = YES;
				GCC_WARN_UNINITIALIZED_AUTOS = YES_AGGRESSIVE;
				GCC_WARN_UNUSED_FUNCTION = YES;
				GCC_WARN_UNUSED_VARIABLE = YES;
				IPHONEOS_DEPLOYMENT_TARGET = 15.2;
				MTL_ENABLE_DEBUG_INFO = NO;
				MTL_FAST_MATH = YES;
				SDKROOT = iphoneos;
				SWIFT_COMPILATION_MODE = wholemodule;
				SWIFT_OPTIMIZATION_LEVEL = "-O";
				VALIDATE_PRODUCT = YES;
			};
			name = Release;
		};
		132D12BB27F6426F004A433E /* Debug */ = {
			isa = XCBuildConfiguration;
			buildSettings = {
				ASSETCATALOG_COMPILER_APPICON_NAME = AppIcon;
				ASSETCATALOG_COMPILER_GLOBAL_ACCENT_COLOR_NAME = AccentColor;
				CODE_SIGN_STYLE = Automatic;
				CURRENT_PROJECT_VERSION = 1;
				DEVELOPMENT_ASSET_PATHS = "\"TomacaTimer/Preview Content\"";
				ENABLE_PREVIEWS = YES;
				GENERATE_INFOPLIST_FILE = YES;
				INFOPLIST_KEY_UIApplicationSceneManifest_Generation = YES;
				INFOPLIST_KEY_UIApplicationSupportsIndirectInputEvents = YES;
				INFOPLIST_KEY_UILaunchScreen_Generation = YES;
				INFOPLIST_KEY_UISupportedInterfaceOrientations_iPad = "UIInterfaceOrientationPortrait UIInterfaceOrientationPortraitUpsideDown UIInterfaceOrientationLandscapeLeft UIInterfaceOrientationLandscapeRight";
				INFOPLIST_KEY_UISupportedInterfaceOrientations_iPhone = "UIInterfaceOrientationPortrait UIInterfaceOrientationLandscapeLeft UIInterfaceOrientationLandscapeRight";
				LD_RUNPATH_SEARCH_PATHS = (
					"$(inherited)",
					"@executable_path/Frameworks",
				);
				MARKETING_VERSION = 1.0;
				PRODUCT_BUNDLE_IDENTIFIER = dev.dianait.TomacaTimer;
				PRODUCT_NAME = "$(TARGET_NAME)";
				SWIFT_EMIT_LOC_STRINGS = YES;
				SWIFT_VERSION = 5.0;
				TARGETED_DEVICE_FAMILY = "1,2";
			};
			name = Debug;
		};
		132D12BC27F6426F004A433E /* Release */ = {
			isa = XCBuildConfiguration;
			buildSettings = {
				ASSETCATALOG_COMPILER_APPICON_NAME = AppIcon;
				ASSETCATALOG_COMPILER_GLOBAL_ACCENT_COLOR_NAME = AccentColor;
				CODE_SIGN_STYLE = Automatic;
				CURRENT_PROJECT_VERSION = 1;
				DEVELOPMENT_ASSET_PATHS = "\"TomacaTimer/Preview Content\"";
				ENABLE_PREVIEWS = YES;
				GENERATE_INFOPLIST_FILE = YES;
				INFOPLIST_KEY_UIApplicationSceneManifest_Generation = YES;
				INFOPLIST_KEY_UIApplicationSupportsIndirectInputEvents = YES;
				INFOPLIST_KEY_UILaunchScreen_Generation = YES;
				INFOPLIST_KEY_UISupportedInterfaceOrientations_iPad = "UIInterfaceOrientationPortrait UIInterfaceOrientationPortraitUpsideDown UIInterfaceOrientationLandscapeLeft UIInterfaceOrientationLandscapeRight";
				INFOPLIST_KEY_UISupportedInterfaceOrientations_iPhone = "UIInterfaceOrientationPortrait UIInterfaceOrientationLandscapeLeft UIInterfaceOrientationLandscapeRight";
				LD_RUNPATH_SEARCH_PATHS = (
					"$(inherited)",
					"@executable_path/Frameworks",
				);
				MARKETING_VERSION = 1.0;
				PRODUCT_BUNDLE_IDENTIFIER = dev.dianait.TomacaTimer;
				PRODUCT_NAME = "$(TARGET_NAME)";
				SWIFT_EMIT_LOC_STRINGS = YES;
				SWIFT_VERSION = 5.0;
				TARGETED_DEVICE_FAMILY = "1,2";
			};
			name = Release;
		};
		132D12BE27F6426F004A433E /* Debug */ = {
			isa = XCBuildConfiguration;
			buildSettings = {
				ALWAYS_EMBED_SWIFT_STANDARD_LIBRARIES = YES;
				BUNDLE_LOADER = "$(TEST_HOST)";
				CODE_SIGN_STYLE = Automatic;
				CURRENT_PROJECT_VERSION = 1;
				GENERATE_INFOPLIST_FILE = YES;
				IPHONEOS_DEPLOYMENT_TARGET = 15.2;
				MARKETING_VERSION = 1.0;
				PRODUCT_BUNDLE_IDENTIFIER = dev.dianait.TomacaTimerTests;
				PRODUCT_NAME = "$(TARGET_NAME)";
				SWIFT_EMIT_LOC_STRINGS = NO;
				SWIFT_VERSION = 5.0;
				TARGETED_DEVICE_FAMILY = "1,2";
				TEST_HOST = "$(BUILT_PRODUCTS_DIR)/TomacaTimer.app/TomacaTimer";
			};
			name = Debug;
		};
		132D12BF27F6426F004A433E /* Release */ = {
			isa = XCBuildConfiguration;
			buildSettings = {
				ALWAYS_EMBED_SWIFT_STANDARD_LIBRARIES = YES;
				BUNDLE_LOADER = "$(TEST_HOST)";
				CODE_SIGN_STYLE = Automatic;
				CURRENT_PROJECT_VERSION = 1;
				GENERATE_INFOPLIST_FILE = YES;
				IPHONEOS_DEPLOYMENT_TARGET = 15.2;
				MARKETING_VERSION = 1.0;
				PRODUCT_BUNDLE_IDENTIFIER = dev.dianait.TomacaTimerTests;
				PRODUCT_NAME = "$(TARGET_NAME)";
				SWIFT_EMIT_LOC_STRINGS = NO;
				SWIFT_VERSION = 5.0;
				TARGETED_DEVICE_FAMILY = "1,2";
				TEST_HOST = "$(BUILT_PRODUCTS_DIR)/TomacaTimer.app/TomacaTimer";
			};
			name = Release;
		};
		132D12C127F6426F004A433E /* Debug */ = {
			isa = XCBuildConfiguration;
			buildSettings = {
				ALWAYS_EMBED_SWIFT_STANDARD_LIBRARIES = YES;
				CODE_SIGN_STYLE = Automatic;
				CURRENT_PROJECT_VERSION = 1;
				GENERATE_INFOPLIST_FILE = YES;
				MARKETING_VERSION = 1.0;
				PRODUCT_BUNDLE_IDENTIFIER = dev.dianait.TomacaTimerUITests;
				PRODUCT_NAME = "$(TARGET_NAME)";
				SWIFT_EMIT_LOC_STRINGS = NO;
				SWIFT_VERSION = 5.0;
				TARGETED_DEVICE_FAMILY = "1,2";
				TEST_TARGET_NAME = TomacaTimer;
			};
			name = Debug;
		};
		132D12C227F6426F004A433E /* Release */ = {
			isa = XCBuildConfiguration;
			buildSettings = {
				ALWAYS_EMBED_SWIFT_STANDARD_LIBRARIES = YES;
				CODE_SIGN_STYLE = Automatic;
				CURRENT_PROJECT_VERSION = 1;
				GENERATE_INFOPLIST_FILE = YES;
				MARKETING_VERSION = 1.0;
				PRODUCT_BUNDLE_IDENTIFIER = dev.dianait.TomacaTimerUITests;
				PRODUCT_NAME = "$(TARGET_NAME)";
				SWIFT_EMIT_LOC_STRINGS = NO;
				SWIFT_VERSION = 5.0;
				TARGETED_DEVICE_FAMILY = "1,2";
				TEST_TARGET_NAME = TomacaTimer;
			};
			name = Release;
		};
/* End XCBuildConfiguration section */

/* Begin XCConfigurationList section */
		132D129127F6426D004A433E /* Build configuration list for PBXProject "TomacaTimer" */ = {
			isa = XCConfigurationList;
			buildConfigurations = (
				132D12B827F6426F004A433E /* Debug */,
				132D12B927F6426F004A433E /* Release */,
			);
			defaultConfigurationIsVisible = 0;
			defaultConfigurationName = Release;
		};
		132D12BA27F6426F004A433E /* Build configuration list for PBXNativeTarget "TomacaTimer" */ = {
			isa = XCConfigurationList;
			buildConfigurations = (
				132D12BB27F6426F004A433E /* Debug */,
				132D12BC27F6426F004A433E /* Release */,
			);
			defaultConfigurationIsVisible = 0;
			defaultConfigurationName = Release;
		};
		132D12BD27F6426F004A433E /* Build configuration list for PBXNativeTarget "TomacaTimerTests" */ = {
			isa = XCConfigurationList;
			buildConfigurations = (
				132D12BE27F6426F004A433E /* Debug */,
				132D12BF27F6426F004A433E /* Release */,
			);
			defaultConfigurationIsVisible = 0;
			defaultConfigurationName = Release;
		};
		132D12C027F6426F004A433E /* Build configuration list for PBXNativeTarget "TomacaTimerUITests" */ = {
			isa = XCConfigurationList;
			buildConfigurations = (
				132D12C127F6426F004A433E /* Debug */,
				132D12C227F6426F004A433E /* Release */,
			);
			defaultConfigurationIsVisible = 0;
			defaultConfigurationName = Release;
		};
/* End XCConfigurationList section */
	};
	rootObject = 132D128E27F6426D004A433E /* Project object */;
}
